
Microsoft Visual Studio Solution File, Format Version 12.00
# Visual Studio 15
VisualStudioVersion = 15.0.27130.2027
MinimumVisualStudioVersion = 10.0.40219.1
Project("{FAE04EC0-301F-11D3-BF4B-00C04F79EFBC}") = "Bottle Sales And Purchase System", "Bottle Sales And Purchase System\Bottle Sales And Purchase System.csproj", "{84ACDD38-2FB5-4387-8939-7C38460520EA}"
EndProject
Global
	GlobalSection(SolutionConfigurationPlatforms) = preSolution
		Debug|Any CPU = Debug|Any CPU
		Release|Any CPU = Release|Any CPU
	EndGlobalSection
	GlobalSection(ProjectConfigurationPlatforms) = postSolution
		{84ACDD38-2FB5-4387-8939-7C38460520EA}.Debug|Any CPU.ActiveCfg = Debug|Any CPU
		{84ACDD38-2FB5-4387-8939-7C38460520EA}.Debug|Any CPU.Build.0 = Debug|Any CPU
		{84ACDD38-2FB5-4387-8939-7C38460520EA}.Release|Any CPU.ActiveCfg = Release|Any CPU
		{84ACDD38-2FB5-4387-8939-7C38460520EA}.Release|Any CPU.Build.0 = Release|Any CPU
	EndGlobalSection
	GlobalSection(SolutionProperties) = preSolution
		HideSolutionNode = FALSE
	EndGlobalSection
	GlobalSection(ExtensibilityGlobals) = postSolution
		SolutionGuid = {96DA258D-0319-4811-A3F5-216DBC86AFBC}
	EndGlobalSection
EndGlobal
